
Microsoft Visual Studio Solution File, Format Version 12.00
# Visual Studio Version 16
VisualStudioVersion = 16.0.29424.173
MinimumVisualStudioVersion = 10.0.40219.1
Project("{FAE04EC0-301F-11D3-BF4B-00C04F79EFBC}") = "WebApiApricod", "WebApiApricod\WebApiApricod.csproj", "{8B90D42B-B9BC-4E3B-8212-5635D1B2EAA8}"
EndProject
Global
	GlobalSection(SolutionConfigurationPlatforms) = preSolution
		Debug|Any CPU = Debug|Any CPU
		Release|Any CPU = Release|Any CPU
	EndGlobalSection
	GlobalSection(ProjectConfigurationPlatforms) = postSolution
		{8B90D42B-B9BC-4E3B-8212-5635D1B2EAA8}.Debug|Any CPU.ActiveCfg = Debug|Any CPU
		{8B90D42B-B9BC-4E3B-8212-5635D1B2EAA8}.Debug|Any CPU.Build.0 = Debug|Any CPU
		{8B90D42B-B9BC-4E3B-8212-5635D1B2EAA8}.Release|Any CPU.ActiveCfg = Release|Any CPU
		{8B90D42B-B9BC-4E3B-8212-5635D1B2EAA8}.Release|Any CPU.Build.0 = Release|Any CPU
	EndGlobalSection
	GlobalSection(SolutionProperties) = preSolution
		HideSolutionNode = FALSE
	EndGlobalSection
	GlobalSection(ExtensibilityGlobals) = postSolution
		SolutionGuid = {5F0BC402-5B98-4DA7-9E5C-C10F13181D60}
	EndGlobalSection
EndGlobal
